
Microsoft Visual Studio Solution File, Format Version 11.00
# Visual Studio 2010
Project("{FAE04EC0-301F-11D3-BF4B-00C04F79EFBC}") = "Ellemy.Blogs", "Ellemy.Blogs\Ellemy.Blogs.csproj", "{56CB0C74-EABC-42F1-B431-BDCB9A9EB5CD}"
EndProject
Project("{FAE04EC0-301F-11D3-BF4B-00C04F79EFBC}") = "AwsFun", "..\AwsFun\AwsFun.csproj", "{BB2FB6AC-D455-4423-91B1-1820263CF8F1}"
EndProject
Project("{FAE04EC0-301F-11D3-BF4B-00C04F79EFBC}") = "CloudListener", "CloudListener\CloudListener.csproj", "{5301AFA9-35E1-4203-A223-7BCF7DD92CA7}"
EndProject
Global
	GlobalSection(SolutionConfigurationPlatforms) = preSolution
		Debug|Any CPU = Debug|Any CPU
		Release|Any CPU = Release|Any CPU
	EndGlobalSection
	GlobalSection(ProjectConfigurationPlatforms) = postSolution
		{56CB0C74-EABC-42F1-B431-BDCB9A9EB5CD}.Debug|Any CPU.ActiveCfg = Debug|Any CPU
		{56CB0C74-EABC-42F1-B431-BDCB9A9EB5CD}.Debug|Any CPU.Build.0 = Debug|Any CPU
		{56CB0C74-EABC-42F1-B431-BDCB9A9EB5CD}.Release|Any CPU.ActiveCfg = Release|Any CPU
		{56CB0C74-EABC-42F1-B431-BDCB9A9EB5CD}.Release|Any CPU.Build.0 = Release|Any CPU
		{BB2FB6AC-D455-4423-91B1-1820263CF8F1}.Debug|Any CPU.ActiveCfg = Debug|Any CPU
		{BB2FB6AC-D455-4423-91B1-1820263CF8F1}.Debug|Any CPU.Build.0 = Debug|Any CPU
		{BB2FB6AC-D455-4423-91B1-1820263CF8F1}.Release|Any CPU.ActiveCfg = Release|Any CPU
		{BB2FB6AC-D455-4423-91B1-1820263CF8F1}.Release|Any CPU.Build.0 = Release|Any CPU
		{5301AFA9-35E1-4203-A223-7BCF7DD92CA7}.Debug|Any CPU.ActiveCfg = Debug|Any CPU
		{5301AFA9-35E1-4203-A223-7BCF7DD92CA7}.Debug|Any CPU.Build.0 = Debug|Any CPU
		{5301AFA9-35E1-4203-A223-7BCF7DD92CA7}.Release|Any CPU.ActiveCfg = Release|Any CPU
		{5301AFA9-35E1-4203-A223-7BCF7DD92CA7}.Release|Any CPU.Build.0 = Release|Any CPU
	EndGlobalSection
	GlobalSection(SolutionProperties) = preSolution
		HideSolutionNode = FALSE
	EndGlobalSection
EndGlobal
